{"SurveyEntry": {"SurveyID": "SV_cHECykB35imz7UO", "SurveyName": "Tea Survey Part 2 (Public)", "SurveyDescription": null, "SurveyOwnerID": "UR_0eTEn6Di724Czum", "SurveyBrandID": "uclioe", "DivisionID": "DV_6JqRNPm9reNX6uy", "SurveyLanguage": "EN", "SurveyActiveResponseSet": "RS_6L4IOgBOnq0t0p0", "SurveyStatus": "Inactive", "SurveyStartDate": "0000-00-00 00:00:00", "SurveyExpirationDate": "0000-00-00 00:00:00", "SurveyCreationDate": "2026-09-11 07:30:51", "CreatorID": "UR_0eTEn6Di724Czum", "LastModified": "2026-09-11 07:32:47", "LastAccessed": "0000-00-00 00:00:00", "LastActivated": "0000-00-00 00:00:00", "Deleted": null}, "SurveyElements": [{"SurveyID": "SV_cHECykB35imz7UO", "Element": "BL", "PrimaryAttribute": "Survey Blocks", "SecondaryAttribute": null, "TertiaryAttribute": null, "Payload": {"1": {"Type": "Trash", "Description": "Trash / Unused Questions", "ID": "BL_0ufq9fgBwSsePrg", "BlockElements": [], "Options": {"BlockLocking": "false", "RandomizeQuestions": "false", "BlockVisibility": "Collapsed"}}, "35": {"Type": "Standard", "SubType": "", "Description": "Tea Q01 Block", "ID": "BL_6FmoY2VryaCQS0K", "BlockElements": [{"Type": "Question", "QuestionID": "QID265"}], "Options": {"BlockLocking": false, "RandomizeQuestions": "false", "BlockVisibility": "Collapsed"}}, "36": {"Type": "Standard", "SubType": "", "Description": "Tea Q02 Block", "ID": "BL_3R6OBm4IrI6ilpk", "BlockElements": [{"Type": "Question", "QuestionID": "QID266"}], "Options": {"BlockLocking": false, "RandomizeQuestions": "false", "BlockVisibility": "Collapsed"}}, "37": {"Type": "Standard", "SubType": "", "Description": "Tea Q03 Block", "ID": "BL_6R09OV0B4LcfYDY", "BlockElements": [{"Type": "Question", "QuestionID": "QID267"}], "Options": {"BlockLocking": false, "RandomizeQuestions": "false", "BlockVisibility": "Expanded"}}, "38": {"Type": "Standard", "SubType": "", "Description": "Tea Q04 Block", "ID": "BL_cMhsAtZJvVuxZn8", "BlockElements": [{"Type": "Question", "QuestionID": "QID268"}], "Options": {"BlockLocking": false, "RandomizeQuestions": "false", "BlockVisibility": "Expanded"}}, "39": {"Type": "Standard", "SubType": "", "Description": "Tea Q05 Block", "ID": "BL_6sMBbeZMBcT1fFQ", "BlockElements": [{"Type": "Question", "QuestionID": "QID269"}], "Options": {"BlockLocking": false, "RandomizeQuestions": "false", "BlockVisibility": "Expanded"}}, "40": {"Type": "Standard", "SubType": "", "Description": "Tea Q06 Block", "ID": "BL_42AISyaj1SWDeZw", "BlockElements": [{"Type": "Question", "QuestionID": "QID270"}], "Options": {"BlockLocking": false, "RandomizeQuestions": "false", "BlockVisibility": "Expanded"}}, "41": {"Type": "Standard", "SubType": "", "Description": "Tea Q07 Block", "ID": "BL_3jZeseL9pgyvgTc", "BlockElements": [{"Type": "Question", "QuestionID": "QID271"}], "Options": {"BlockLocking": false, "RandomizeQuestions": "false", "BlockVisibility": "Expanded"}}, "42": {"Type": "Standard", "SubType": "", "Description": "Tea Q08 Block", "ID": "BL_1zd08GWXfiu37zE", "BlockElements": [{"Type": "Question", "QuestionID": "QID272"}], "Options": {"BlockLocking": false, "RandomizeQuestions": "false", "BlockVisibility": "Expanded"}}, "43": {"Type": "Standard", "SubType": "", "Description": "Tea Q09 Block", "ID": "BL_1ZlZSAzimTFguma", "BlockElements": [{"Type": "Question", "QuestionID": "QID273"}], "Options": {"BlockLocking": false, "RandomizeQuestions": "false", "BlockVisibility": "Expanded"}}, "44": {"Type": "Standard", "SubType": "", "Description": "Tea Q10 Block", "ID": "BL_bk3EQTR8B5CgWpg", "BlockElements": [{"Type": "Question", "QuestionID": "QID274"}], "Options": {"BlockLocking": false, "RandomizeQuestions": "false", "BlockVisibility": "Collapsed"}}, "45": {"Type": "Standard", "SubType": "", "Description": "Tea F01 Block", "ID": "BL_eCGO9ICsFOCvSlM", "BlockElements": [{"Type": "Question", "QuestionID": "QID275"}], "Options": {"BlockLocking": false, "RandomizeQuestions": "false", "BlockVisibility": "Collapsed"}}, "46": {"Type": "Standard", "SubType": "", "Description": "Tea F02 Block", "ID": "BL_afrUH0TG36JFQtE", "BlockElements": [{"Type": "Question", "QuestionID": "QID276"}], "Options": {"BlockLocking": false, "RandomizeQuestions": "false", "BlockVisibility": "Expanded"}}, "47": {"Type": "Standard", "SubType": "", "Description": "Tea F03 Block", "ID": "BL_5it5xkNu9EdNg34", "BlockElements": [{"Type": "Question", "QuestionID": "QID277"}], "Options": {"BlockLocking": false, "RandomizeQuestions": "false", "BlockVisibility": "Expanded"}}, "48": {"Type": "Standard", "SubType": "", "Description": "Tea F04 Block", "ID": "BL_1LzViOxk8vFw6UK", "BlockElements": [{"Type": "Question", "QuestionID": "QID278"}], "Options": {"BlockLocking": false, "RandomizeQuestions": "false", "BlockVisibility": "Expanded"}}, "49": {"Type": "Standard", "SubType": "", "Description": "Tea F05 Block", "ID": "BL_8BpBKHyrV8g57Ey", "BlockElements": [{"Type": "Question", "QuestionID": "QID279"}], "Options": {"BlockLocking": false, "RandomizeQuestions": "false", "BlockVisibility": "Expanded"}}, "50": {"Type": "Standard", "SubType": "", "Description": "Tea F06 Block", "ID": "BL_dg52jbJJYVQU7eC", "BlockElements": [{"Type": "Question", "QuestionID": "QID280"}], "Options": {"BlockLocking": false, "RandomizeQuestions": "false", "BlockVisibility": "Expanded"}}, "51": {"Type": "Standard", "SubType": "", "Description": "Tea F07 Block", "ID": "BL_8D1Ge34XfTVpCQK", "BlockElements": [{"Type": "Question", "QuestionID": "QID281"}], "Options": {"BlockLocking": false, "RandomizeQuestions": "false", "BlockVisibility": "Expanded"}}, "52": {"Type": "Standard", "SubType": "", "Description": "Tea F08 Block", "ID": "BL_d4ITjW4POUaq5ng", "BlockElements": [{"Type": "Question", "QuestionID": "QID282"}], "Options": {"BlockLocking": false, "RandomizeQuestions": "false", "BlockVisibility": "Expanded"}}, "53": {"Type": "Standard", "SubType": "", "Description": "Tea F09 Block", "ID": "BL_3WbN5SY1D0DQ5CK", "BlockElements": [{"Type": "Question", "QuestionID": "QID283"}], "Options": {"BlockLocking": false, "RandomizeQuestions": "false", "BlockVisibility": "Expanded"}}, "54": {"Type": "Standard", "SubType": "", "Description": "Tea F10 Block", "ID": "BL_1AdyjqZ8ywr6Xvo", "BlockElements": [{"Type": "Question", "QuestionID": "QID284"}], "Options": {"BlockLocking": false, "RandomizeQuestions": "false", "BlockVisibility": "Expanded"}}, "56": {"Type": "Standard", "Description": "Prolific ID", "ID": "BL_6GcsD61srMrCFDM", "BlockElements": [{"Type": "Question", "QuestionID": "QID1218945872"}], "Options": {"BlockLocking": false, "RandomizeQuestions": "false", "BlockVisibility": "Collapsed"}}, "58": {"Type": "Standard", "SubType": "", "Description": "Tea Video Restudy", "ID": "BL_3K95qn0vHwAD5lk", "BlockElements": [{"Type": "Question", "QuestionID": "QID1218945883"}, {"Type": "Page Break"}, {"Type": "Question", "QuestionID": "QID1218945884"}, {"Type": "Question", "QuestionID": "QID1218945885"}], "Options": {"BlockLocking": false, "RandomizeQuestions": "false", "BlockVisibility": "Collapsed"}}, "60": {"Type": "Standard", "SubType": "", "Description": "Part 2 End", "ID": "BL_cYNoSOYf6ooIMf4", "BlockElements": [{"Type": "Question", "QuestionID": "QID1218945892"}], "Options": {"BlockLocking": false, "RandomizeQuestions": "false", "BlockVisibility": "Collapsed"}}, "61": {"Type": "Standard", "SubType": "", "Description": "SAQ Info", "ID": "BL_8vx1GaAgV0ZmhRc", "BlockElements": [{"Type": "Question", "QuestionID": "QID1218945893"}], "Options": {"BlockLocking": false, "RandomizeQuestions": "false", "BlockVisibility": "Collapsed"}}}}, {"SurveyID": "SV_cHECykB35imz7UO", "Element": "FL", "PrimaryAttribute": "Survey Flow", "SecondaryAttribute": null, "TertiaryAttribute": null, "Payload": {"Type": "Root", "FlowID": "FL_1", "Flow": [{"Type": "EmbeddedData", "FlowID": "FL_2", "EmbeddedData": [{"Description": "PROLIFIC_PID", "Type": "Recipient", "Field": "PROLIFIC_PID", "VariableType": "String", "DataVisibility": [], "AnalyzeText": false}, {"Description": "Group", "Type": "Custom", "Field": "Group", "VariableType": "String", "DataVisibility": [], "AnalyzeText": false, "Value": "empty"}, {"Description": "Tea_Q01", "Type": "Custom", "Field": "Tea_Q01", "VariableType": "String", "DataVisibility": [], "AnalyzeText": false, "Value": "According to legend, who was the mythical Chinese figure credited with discovering tea while searching the forest for edible grains and herbs?"}, {"Description": "Tea_Q02", "Type": "Custom", "Field": "Tea_Q02", "VariableType": "String", "DataVisibility": [], "AnalyzeText": false, "Value": "Explain how tea was originally consumed in ancient China before it was primarily prepared as a drink."}, {"Description": "Tea_Q03", "Type": "Custom", "Field": "Tea_Q03", "VariableType": "String", "DataVisibility": [], "AnalyzeText": false, "Value": "Describe the change in tea preparation that occurred during the Tang Dynasty and led to the creation of matcha."}, {"Description": "Tea_Q04", "Type": "Custom", "Field": "Tea_Q04", "VariableType": "String", "DataVisibility": [], "AnalyzeText": false, "Value": "What significant change to the standard form of tea occurred during China's Ming Dynasty, shifting away from the matcha-style preparation?"}, {"Description": "Tea_Q05", "Type": "Custom", "Field": "Tea_Q05", "VariableType": "String", "DataVisibility": [], "AnalyzeText": false, "Value": "Besides tea, what were the other two essential Chinese export goods that gave the country significant economic power?"}, {"Description": "Tea_Q06", "Type": "Custom", "Field": "Tea_Q06", "VariableType": "String", "DataVisibility": [], "AnalyzeText": false, "Value": "Explain the economic reason that prompted Great Britain to begin trading opium for Chinese tea, instead of its original payment method."}, {"Description": "Tea_Q07", "Type": "Custom", "Field": "Tea_Q07", "VariableType": "String", "DataVisibility": [], "AnalyzeText": false, "Value": "Following the First Opium War, what were two major concessions the defeated Qing Dynasty made to the British?"}, {"Description": "Tea_Q08", "Type": "Custom", "Field": "Tea_Q08", "VariableType": "String", "DataVisibility": [], "AnalyzeText": false, "Value": "How did the British East India Company ultimately break China's long-held monopoly on tea cultivation?"}, {"Description": "Tea_Q09", "Type": "Custom", "Field": "Tea_Q09", "VariableType": "String", "DataVisibility": [], "AnalyzeText": false, "Value": "What was the primary motivation for the development of the fast-sailing clipper ship in the 19th century?"}, {"Description": "Tea_Q10", "Type": "Custom", "Field": "Tea_Q10", "VariableType": "String", "DataVisibility": [], "AnalyzeText": false, "Value": "What is tea's ranking as the most consumed beverage in the world today?"}, {"Description": "Tea_MA01", "Type": "Custom", "Field": "Tea_MA01", "VariableType": "String", "DataVisibility": [], "AnalyzeText": false, "Value": "The mythical figure credited with discovering tea is the divine farmer, Shennong."}, {"Description": "Tea_MA02", "Type": "Custom", "Field": "Tea_MA02", "VariableType": "String", "DataVisibility": [], "AnalyzeText": false, "Value": "Originally, tea was consumed as a food; it was either eaten as a vegetable or cooked with grain porridge."}, {"Description": "Tea_MA03", "Type": "Custom", "Field": "Tea_MA03", "VariableType": "String", "DataVisibility": [], "AnalyzeText": false, "Value": "The standard method became heating tea, packing it into portable cakes, grinding it into powder, and then mixing it with hot water to create a frothy beverage."}, {"Description": "Tea_MA04", "Type": "Custom", "Field": "Tea_MA04", "VariableType": "String", "DataVisibility": [], "AnalyzeText": false, "Value": "During the Ming Dynasty, the Chinese emperor shifted the standard from tea pressed into cakes to using loose-leaf tea."}, {"Description": "Tea_MA05", "Type": "Custom", "Field": "Tea_MA05", "VariableType": "String", "DataVisibility": [], "AnalyzeText": false, "Value": "The other two essential Chinese export goods that gave the country economic power were porcelain and silk."}, {"Description": "Tea_MA06", "Type": "Custom", "Field": "Tea_MA06", "VariableType": "String", "DataVisibility": [], "AnalyzeText": false, "Value": "Britain initially paid for Chinese tea with silver, but this proved to be too expensive, so they switched to trading opium as a more sustainable alternative."}, {"Description": "Tea_MA07", "Type": "Custom", "Field": "Tea_MA07", "VariableType": "String", "DataVisibility": [], "AnalyzeText": false, "Value": "The Qing Dynasty ceded the port of Hong Kong to the British and was forced to resume trading on unfavorable terms."}, {"Description": "Tea_MA08", "Type": "Custom", "Field": "Tea_MA08", "VariableType": "String", "DataVisibility": [], "AnalyzeText": false, "Value": "They commissioned botanist Robert Fortune to secretly smuggle tea trees and experienced tea workers out of China and into Darjeeling, India."}, {"Description": "Tea_MA09", "Type": "Custom", "Field": "Tea_MA09", "VariableType": "String", "DataVisibility": [], "AnalyzeText": false, "Value": "The clipper ship was developed due to intense competition between Western trading companies, who were racing to transport tea to Europe first to maximize profits."}, {"Description": "Tea_MA10", "Type": "Custom", "Field": "Tea_MA10", "VariableType": "String", "DataVisibility": [], "AnalyzeText": false, "Value": "Tea is the second most consumed beverage in the world, after water."}, {"Description": "Tea_R01", "Type": "Custom", "Field": "Tea_R01", "VariableType": "String", "DataVisibility": [], "AnalyzeText": false, "Value": "This is a direct recall of a key figure and the foundational legend mentioned at the start of the video."}, {"Description": "Tea_R02", "Type": "Custom", "Field": "Tea_R02", "VariableType": "String", "DataVisibility": [], "AnalyzeText": false, "Value": "This question requires the learner to explain the initial state of tea consumption, demonstrating comprehension of its evolution from a food to a beverage."}, {"Description": "Tea_R03", "Type": "Custom", "Field": "Tea_R03", "VariableType": "String", "DataVisibility": [], "AnalyzeText": false, "Value": "This question asks for an explanation of a specific historical process mentioned in the video, testing the learner's understanding of how a particular type of tea was made."}, {"Description": "Tea_R04", "Type": "Custom", "Field": "Tea_R04", "VariableType": "String", "DataVisibility": [], "AnalyzeText": false, "Value": "This question checks for understanding of a key transition in tea's physical form and preparation method, which marked a major turning point in its history."}, {"Description": "Tea_R05", "Type": "Custom", "Field": "Tea_R05", "VariableType": "String", "DataVisibility": [], "AnalyzeText": false, "Value": "This question tests the recall of specific factual information about China's key exports during the period it held a monopoly on tea."}, {"Description": "Tea_R06", "Type": "Custom", "Field": "Tea_R06", "VariableType": "String", "DataVisibility": [], "AnalyzeText": false, "Value": "This question tests the learner's ability to analyze the cause (high cost of silver) for a significant effect (the switch to the opium trade)."}, {"Description": "Tea_R07", "Type": "Custom", "Field": "Tea_R07", "VariableType": "String", "DataVisibility": [], "AnalyzeText": false, "Value": "This question requires the learner to recall and connect the outcome of a major conflict to its specific political and economic consequences for China."}, {"Description": "Tea_R08", "Type": "Custom", "Field": "Tea_R08", "VariableType": "String", "DataVisibility": [], "AnalyzeText": false, "Value": "This question requires the learner to analyze the specific actions (industrial espionage) taken by a key entity to overcome a major economic obstacle (China's monopoly)."}, {"Description": "Tea_R09", "Type": "Custom", "Field": "Tea_R09", "VariableType": "String", "DataVisibility": [], "AnalyzeText": false, "Value": "This requires the learner to analyze the cause-and-effect relationship between economic competition in the tea trade and a specific technological innovation."}, {"Description": "Tea_R10", "Type": "Custom", "Field": "Tea_R10", "VariableType": "String", "DataVisibility": [], "AnalyzeText": false, "Value": "This tests the recall of a concluding fact that puts the entire history of tea into a modern context, demonstrating the beverage's global significance."}, {"Description": "Tea_F01", "Type": "Recipient", "Field": "Tea_F01", "VariableType": "String", "DataVisibility": [], "AnalyzeText": false}, {"Description": "Tea_F02", "Type": "Recipient", "Field": "Tea_F02", "VariableType": "String", "DataVisibility": [], "AnalyzeText": false}, {"Description": "Tea_F03", "Type": "Recipient", "Field": "Tea_F03", "VariableType": "String", "DataVisibility": [], "AnalyzeText": false}, {"Description": "Tea_F04", "Type": "Recipient", "Field": "Tea_F04", "VariableType": "String", "DataVisibility": [], "AnalyzeText": false}, {"Description": "Tea_F05", "Type": "Recipient", "Field": "Tea_F05", "VariableType": "String", "DataVisibility": [], "AnalyzeText": false}, {"Description": "Tea_F06", "Type": "Recipient", "Field": "Tea_F06", "VariableType": "String", "DataVisibility": [], "AnalyzeText": false}, {"Description": "Tea_F07", "Type": "Recipient", "Field": "Tea_F07", "VariableType": "String", "DataVisibility": [], "AnalyzeText": false}, {"Description": "Tea_F08", "Type": "Recipient", "Field": "Tea_F08", "VariableType": "String", "DataVisibility": [], "AnalyzeText": false}, {"Description": "Tea_F09", "Type": "Recipient", "Field": "Tea_F09", "VariableType": "String", "DataVisibility": [], "AnalyzeText": false}, {"Description": "Tea_F10", "Type": "Recipient", "Field": "Tea_F10", "VariableType": "String", "DataVisibility": [], "AnalyzeText": false}, {"Description": "Video", "Type": "Custom", "Field": "Video", "VariableType": "String", "DataVisibility": [], "AnalyzeText": false, "Value": "Tea"}]}, {"Type": "Standard", "ID": "BL_6GcsD61srMrCFDM", "FlowID": "FL_3", "Autofill": []}, {"Type": "BlockRandomizer", "FlowID": "FL_4", "SubSet": "1", "EvenPresentation": true, "Flow": [{"Type": "Standard", "ID": "BL_3K95qn0vHwAD5lk", "FlowID": "FL_8", "Autofill": []}, {"Type": "Group", "FlowID": "FL_9", "Description": "Tea SAQ", "Flow": [{"Type": "Standard", "ID": "BL_8vx1GaAgV0ZmhRc", "FlowID": "FL_7", "Autofill": []}, {"Type": "BlockRandomizer", "FlowID": "FL_10", "SubSet": 10, "EvenPresentation": false, "Flow": [{"Type": "Group", "FlowID": "FL_11", "Description": "Tea Q01 Sequence", "Flow": [{"Type": "Standard", "ID": "BL_6FmoY2VryaCQS0K", "FlowID": "FL_48", "Autofill": []}, {"Type": "WebService", "FlowID": "FL_49", "URL": "https://api.openai.com/v1/chat/completions", "Method": "POST", "RequestParams": [], "EditBodyParams": [{"key": "messages", "value": "[\n  {\n    \"role\": \"system\",\n    \"content\": \"You are an educational assessment assistant evaluating student responses about a video on the history of tea.\\n\\nAUDIENCE LEVEL: High school to first-year undergraduate students (not experts in the field).\\n\\nSCORING GUIDELINES:\\n- 9-10: Excellent - Captures all key concepts accurately with clear understanding\\n- 7-8: Good - Covers most key concepts with minor gaps or imprecisions\\n- 5-6: Satisfactory - Shows basic understanding but missing important elements\\n- 3-4: Needs improvement - Some correct ideas but significant gaps or misunderstandings\\n- 1-2: Inadequate - Minimal understanding demonstrated\\n- 0: No response or completely incorrect\\n\\nEVALUATION APPROACH:\\n1. Consider how well the response captures the essential meaning, not exact wording\\n2. Accept alternative phrasings if the core concept is correct\\n3. Technical terminology not required if concepts are explained in simpler terms\\n4. Provide constructive feedback (2-3 sentences) that highlights strengths and suggests improvements\\n5. End with: Score: X/10\"\n  },\n  {\n    \"role\": \"user\",\n    \"content\": \"Question: ${e://Field/Tea_Q01}\\n\\nModel Answer: ${e://Field/Tea_MA01}\\n\\nRationale for Model Answer: ${e://Field/Tea_R01}\\n\\nStudent Response: ${q://QID265/ChoiceTextEntryValue}\\n\\nPlease evaluate this response based on how well it captures the key concepts from the model answer.\"\n  }\n]", "parameterType": "JSON"}, {"key": "model", "value": "gpt-5.4"}, {"key": "reasoning_effort", "value": "medium"}, {"key": "max_completion_tokens", "value": "2000", "parameterType": "Number"}], "Body": {"messages": [{"role": "system", "content": "You are an educational assessment assistant evaluating student responses about a video on the history of tea.\n\nAUDIENCE LEVEL: High school to first-year undergraduate students (not experts in the field).\n\nSCORING GUIDELINES:\n- 9-10: Excellent - Captures all key concepts accurately with clear understanding\n- 7-8: Good - Covers most key concepts with minor gaps or imprecisions\n- 5-6: Satisfactory - Shows basic understanding but missing important elements\n- 3-4: Needs improvement - Some correct ideas but significant gaps or misunderstandings\n- 1-2: Inadequate - Minimal understanding demonstrated\n- 0: No response or completely incorrect\n\nEVALUATION APPROACH:\n1. Consider how well the response captures the essential meaning, not exact wording\n2. Accept alternative phrasings if the core concept is correct\n3. Technical terminology not required if concepts are explained in simpler terms\n4. Provide constructive feedback (2-3 sentences) that highlights strengths and suggests improvements\n5. End with: Score: X/10"}, {"role": "user", "content": "Question: ${e://Field/Tea_Q01}\n\nModel Answer: ${e://Field/Tea_MA01}\n\nRationale for Model Answer: ${e://Field/Tea_R01}\n\nStudent Response: ${q://QID265/ChoiceTextEntryValue}\n\nPlease evaluate this response based on how well it captures the key concepts from the model answer."}], "model": "gpt-5.4", "reasoning_effort": "medium", "max_completion_tokens": 2000}, "ContentType": "application/json", "Headers": [{"key": "Authorization", "value": "Bearer YOUR_OPENAI_API_KEY"}], "ResponseMap": [{"key": "choices.0.message.content", "value": "Tea_F01"}], "FireAndForget": false, "SchemaVersion": 0, "StringifyValues": true}, {"Type": "Standard", "ID": "BL_eCGO9ICsFOCvSlM", "FlowID": "FL_50", "Autofill": []}]}, {"Type": "Group", "FlowID": "FL_12", "Description": "Tea Q02 Sequence", "Flow": [{"Type": "Standard", "ID": "BL_3R6OBm4IrI6ilpk", "FlowID": "FL_45", "Autofill": []}, {"Type": "WebService", "FlowID": "FL_46", "URL": "https://api.openai.com/v1/chat/completions", "Method": "POST", "RequestParams": [], "EditBodyParams": [{"key": "messages", "value": "[\n  {\n    \"role\": \"system\",\n    \"content\": \"You are an educational assessment assistant evaluating student responses about a video on the history of tea.\\n\\nAUDIENCE LEVEL: High school to first-year undergraduate students (not experts in the field).\\n\\nSCORING GUIDELINES:\\n- 9-10: Excellent - Captures all key concepts accurately with clear understanding\\n- 7-8: Good - Covers most key concepts with minor gaps or imprecisions\\n- 5-6: Satisfactory - Shows basic understanding but missing important elements\\n- 3-4: Needs improvement - Some correct ideas but significant gaps or misunderstandings\\n- 1-2: Inadequate - Minimal understanding demonstrated\\n- 0: No response or completely incorrect\\n\\nEVALUATION APPROACH:\\n1. Consider how well the response captures the essential meaning, not exact wording\\n2. Accept alternative phrasings if the core concept is correct\\n3. Technical terminology not required if concepts are explained in simpler terms\\n4. Provide constructive feedback (2-3 sentences) that highlights strengths and suggests improvements\\n5. End with: Score: X/10\"\n  },\n  {\n    \"role\": \"user\",\n    \"content\": \"Question: ${e://Field/Tea_Q02}\\n\\nModel Answer: ${e://Field/Tea_MA02}\\n\\nRationale for Model Answer: ${e://Field/Tea_R02}\\n\\nStudent Response: ${q://QID266/ChoiceTextEntryValue}\\n\\nPlease evaluate this response based on how well it captures the key concepts from the model answer.\"\n  }\n]", "parameterType": "JSON"}, {"key": "model", "value": "gpt-5.4"}, {"key": "reasoning_effort", "value": "medium"}, {"key": "max_completion_tokens", "value": "2000", "parameterType": "Number"}], "Body": {"messages": [{"role": "system", "content": "You are an educational assessment assistant evaluating student responses about a video on the history of tea.\n\nAUDIENCE LEVEL: High school to first-year undergraduate students (not experts in the field).\n\nSCORING GUIDELINES:\n- 9-10: Excellent - Captures all key concepts accurately with clear understanding\n- 7-8: Good - Covers most key concepts with minor gaps or imprecisions\n- 5-6: Satisfactory - Shows basic understanding but missing important elements\n- 3-4: Needs improvement - Some correct ideas but significant gaps or misunderstandings\n- 1-2: Inadequate - Minimal understanding demonstrated\n- 0: No response or completely incorrect\n\nEVALUATION APPROACH:\n1. Consider how well the response captures the essential meaning, not exact wording\n2. Accept alternative phrasings if the core concept is correct\n3. Technical terminology not required if concepts are explained in simpler terms\n4. Provide constructive feedback (2-3 sentences) that highlights strengths and suggests improvements\n5. End with: Score: X/10"}, {"role": "user", "content": "Question: ${e://Field/Tea_Q02}\n\nModel Answer: ${e://Field/Tea_MA02}\n\nRationale for Model Answer: ${e://Field/Tea_R02}\n\nStudent Response: ${q://QID266/ChoiceTextEntryValue}\n\nPlease evaluate this response based on how well it captures the key concepts from the model answer."}], "model": "gpt-5.4", "reasoning_effort": "medium", "max_completion_tokens": 2000}, "ContentType": "application/json", "Headers": [{"key": "Authorization", "value": "Bearer YOUR_OPENAI_API_KEY"}], "ResponseMap": [{"key": "choices.0.message.content", "value": "Tea_F02"}], "FireAndForget": false, "SchemaVersion": 0, "StringifyValues": true}, {"Type": "Standard", "ID": "BL_afrUH0TG36JFQtE", "FlowID": "FL_47", "Autofill": []}]}, {"Type": "Group", "FlowID": "FL_13", "Description": "Tea Q03 Sequence", "Flow": [{"Type": "Standard", "ID": "BL_6R09OV0B4LcfYDY", "FlowID": "FL_42", "Autofill": []}, {"Type": "WebService", "FlowID": "FL_43", "URL": "https://api.openai.com/v1/chat/completions", "Method": "POST", "RequestParams": [], "EditBodyParams": [{"key": "messages", "value": "[\n  {\n    \"role\": \"system\",\n    \"content\": \"You are an educational assessment assistant evaluating student responses about a video on the history of tea.\\n\\nAUDIENCE LEVEL: High school to first-year undergraduate students (not experts in the field).\\n\\nSCORING GUIDELINES:\\n- 9-10: Excellent - Captures all key concepts accurately with clear understanding\\n- 7-8: Good - Covers most key concepts with minor gaps or imprecisions\\n- 5-6: Satisfactory - Shows basic understanding but missing important elements\\n- 3-4: Needs improvement - Some correct ideas but significant gaps or misunderstandings\\n- 1-2: Inadequate - Minimal understanding demonstrated\\n- 0: No response or completely incorrect\\n\\nEVALUATION APPROACH:\\n1. Consider how well the response captures the essential meaning, not exact wording\\n2. Accept alternative phrasings if the core concept is correct\\n3. Technical terminology not required if concepts are explained in simpler terms\\n4. Provide constructive feedback (2-3 sentences) that highlights strengths and suggests improvements\\n5. End with: Score: X/10\"\n  },\n  {\n    \"role\": \"user\",\n    \"content\": \"Question: ${e://Field/Tea_Q03}\\n\\nModel Answer: ${e://Field/Tea_MA03}\\n\\nRationale for Model Answer: ${e://Field/Tea_R03}\\n\\nStudent Response: ${q://QID267/ChoiceTextEntryValue}\\n\\nPlease evaluate this response based on how well it captures the key concepts from the model answer.\"\n  }\n]", "parameterType": "JSON"}, {"key": "model", "value": "gpt-5.4"}, {"key": "reasoning_effort", "value": "medium"}, {"key": "max_completion_tokens", "value": "2000", "parameterType": "Number"}], "Body": {"messages": [{"role": "system", "content": "You are an educational assessment assistant evaluating student responses about a video on the history of tea.\n\nAUDIENCE LEVEL: High school to first-year undergraduate students (not experts in the field).\n\nSCORING GUIDELINES:\n- 9-10: Excellent - Captures all key concepts accurately with clear understanding\n- 7-8: Good - Covers most key concepts with minor gaps or imprecisions\n- 5-6: Satisfactory - Shows basic understanding but missing important elements\n- 3-4: Needs improvement - Some correct ideas but significant gaps or misunderstandings\n- 1-2: Inadequate - Minimal understanding demonstrated\n- 0: No response or completely incorrect\n\nEVALUATION APPROACH:\n1. Consider how well the response captures the essential meaning, not exact wording\n2. Accept alternative phrasings if the core concept is correct\n3. Technical terminology not required if concepts are explained in simpler terms\n4. Provide constructive feedback (2-3 sentences) that highlights strengths and suggests improvements\n5. End with: Score: X/10"}, {"role": "user", "content": "Question: ${e://Field/Tea_Q03}\n\nModel Answer: ${e://Field/Tea_MA03}\n\nRationale for Model Answer: ${e://Field/Tea_R03}\n\nStudent Response: ${q://QID267/ChoiceTextEntryValue}\n\nPlease evaluate this response based on how well it captures the key concepts from the model answer."}], "model": "gpt-5.4", "reasoning_effort": "medium", "max_completion_tokens": 2000}, "ContentType": "application/json", "Headers": [{"key": "Authorization", "value": "Bearer YOUR_OPENAI_API_KEY"}], "ResponseMap": [{"key": "choices.0.message.content", "value": "Tea_F03"}], "FireAndForget": false, "SchemaVersion": 0, "StringifyValues": true}, {"Type": "Standard", "ID": "BL_5it5xkNu9EdNg34", "FlowID": "FL_44", "Autofill": []}]}, {"Type": "Group", "FlowID": "FL_14", "Description": "Tea Q04 Sequence", "Flow": [{"Type": "Standard", "ID": "BL_cMhsAtZJvVuxZn8", "FlowID": "FL_39", "Autofill": []}, {"Type": "WebService", "FlowID": "FL_40", "URL": "https://api.openai.com/v1/chat/completions", "Method": "POST", "RequestParams": [], "EditBodyParams": [{"key": "messages", "value": "[\n  {\n    \"role\": \"system\",\n    \"content\": \"You are an educational assessment assistant evaluating student responses about a video on the history of tea.\\n\\nAUDIENCE LEVEL: High school to first-year undergraduate students (not experts in the field).\\n\\nSCORING GUIDELINES:\\n- 9-10: Excellent - Captures all key concepts accurately with clear understanding\\n- 7-8: Good - Covers most key concepts with minor gaps or imprecisions\\n- 5-6: Satisfactory - Shows basic understanding but missing important elements\\n- 3-4: Needs improvement - Some correct ideas but significant gaps or misunderstandings\\n- 1-2: Inadequate - Minimal understanding demonstrated\\n- 0: No response or completely incorrect\\n\\nEVALUATION APPROACH:\\n1. Consider how well the response captures the essential meaning, not exact wording\\n2. Accept alternative phrasings if the core concept is correct\\n3. Technical terminology not required if concepts are explained in simpler terms\\n4. Provide constructive feedback (2-3 sentences) that highlights strengths and suggests improvements\\n5. End with: Score: X/10\"\n  },\n  {\n    \"role\": \"user\",\n    \"content\": \"Question: ${e://Field/Tea_Q04}\\n\\nModel Answer: ${e://Field/Tea_MA04}\\n\\nRationale for Model Answer: ${e://Field/Tea_R04}\\n\\nStudent Response: ${q://QID268/ChoiceTextEntryValue}\\n\\nPlease evaluate this response based on how well it captures the key concepts from the model answer.\"\n  }\n]", "parameterType": "JSON"}, {"key": "model", "value": "gpt-5.4"}, {"key": "reasoning_effort", "value": "medium"}, {"key": "max_completion_tokens", "value": "2000", "parameterType": "Number"}], "Body": {"messages": [{"role": "system", "content": "You are an educational assessment assistant evaluating student responses about a video on the history of tea.\n\nAUDIENCE LEVEL: High school to first-year undergraduate students (not experts in the field).\n\nSCORING GUIDELINES:\n- 9-10: Excellent - Captures all key concepts accurately with clear understanding\n- 7-8: Good - Covers most key concepts with minor gaps or imprecisions\n- 5-6: Satisfactory - Shows basic understanding but missing important elements\n- 3-4: Needs improvement - Some correct ideas but significant gaps or misunderstandings\n- 1-2: Inadequate - Minimal understanding demonstrated\n- 0: No response or completely incorrect\n\nEVALUATION APPROACH:\n1. Consider how well the response captures the essential meaning, not exact wording\n2. Accept alternative phrasings if the core concept is correct\n3. Technical terminology not required if concepts are explained in simpler terms\n4. Provide constructive feedback (2-3 sentences) that highlights strengths and suggests improvements\n5. End with: Score: X/10"}, {"role": "user", "content": "Question: ${e://Field/Tea_Q04}\n\nModel Answer: ${e://Field/Tea_MA04}\n\nRationale for Model Answer: ${e://Field/Tea_R04}\n\nStudent Response: ${q://QID268/ChoiceTextEntryValue}\n\nPlease evaluate this response based on how well it captures the key concepts from the model answer."}], "model": "gpt-5.4", "reasoning_effort": "medium", "max_completion_tokens": 2000}, "ContentType": "application/json", "Headers": [{"key": "Authorization", "value": "Bearer YOUR_OPENAI_API_KEY"}], "ResponseMap": [{"key": "choices.0.message.content", "value": "Tea_F04"}], "FireAndForget": false, "SchemaVersion": 0, "StringifyValues": true}, {"Type": "Standard", "ID": "BL_1LzViOxk8vFw6UK", "FlowID": "FL_41", "Autofill": []}]}, {"Type": "Group", "FlowID": "FL_15", "Description": "Tea Q05 Sequence", "Flow": [{"Type": "Standard", "ID": "BL_6sMBbeZMBcT1fFQ", "FlowID": "FL_36", "Autofill": []}, {"Type": "WebService", "FlowID": "FL_37", "URL": "https://api.openai.com/v1/chat/completions", "Method": "POST", "RequestParams": [], "EditBodyParams": [{"key": "messages", "value": "[\n  {\n    \"role\": \"system\",\n    \"content\": \"You are an educational assessment assistant evaluating student responses about a video on the history of tea.\\n\\nAUDIENCE LEVEL: High school to first-year undergraduate students (not experts in the field).\\n\\nSCORING GUIDELINES:\\n- 9-10: Excellent - Captures all key concepts accurately with clear understanding\\n- 7-8: Good - Covers most key concepts with minor gaps or imprecisions\\n- 5-6: Satisfactory - Shows basic understanding but missing important elements\\n- 3-4: Needs improvement - Some correct ideas but significant gaps or misunderstandings\\n- 1-2: Inadequate - Minimal understanding demonstrated\\n- 0: No response or completely incorrect\\n\\nEVALUATION APPROACH:\\n1. Consider how well the response captures the essential meaning, not exact wording\\n2. Accept alternative phrasings if the core concept is correct\\n3. Technical terminology not required if concepts are explained in simpler terms\\n4. Provide constructive feedback (2-3 sentences) that highlights strengths and suggests improvements\\n5. End with: Score: X/10\"\n  },\n  {\n    \"role\": \"user\",\n    \"content\": \"Question: ${e://Field/Tea_Q05}\\n\\nModel Answer: ${e://Field/Tea_MA05}\\n\\nRationale for Model Answer: ${e://Field/Tea_R05}\\n\\nStudent Response: ${q://QID269/ChoiceTextEntryValue}\\n\\nPlease evaluate this response based on how well it captures the key concepts from the model answer.\"\n  }\n]", "parameterType": "JSON"}, {"key": "model", "value": "gpt-5.4"}, {"key": "reasoning_effort", "value": "medium"}, {"key": "max_completion_tokens", "value": "2000", "parameterType": "Number"}], "Body": {"messages": [{"role": "system", "content": "You are an educational assessment assistant evaluating student responses about a video on the history of tea.\n\nAUDIENCE LEVEL: High school to first-year undergraduate students (not experts in the field).\n\nSCORING GUIDELINES:\n- 9-10: Excellent - Captures all key concepts accurately with clear understanding\n- 7-8: Good - Covers most key concepts with minor gaps or imprecisions\n- 5-6: Satisfactory - Shows basic understanding but missing important elements\n- 3-4: Needs improvement - Some correct ideas but significant gaps or misunderstandings\n- 1-2: Inadequate - Minimal understanding demonstrated\n- 0: No response or completely incorrect\n\nEVALUATION APPROACH:\n1. Consider how well the response captures the essential meaning, not exact wording\n2. Accept alternative phrasings if the core concept is correct\n3. Technical terminology not required if concepts are explained in simpler terms\n4. Provide constructive feedback (2-3 sentences) that highlights strengths and suggests improvements\n5. End with: Score: X/10"}, {"role": "user", "content": "Question: ${e://Field/Tea_Q05}\n\nModel Answer: ${e://Field/Tea_MA05}\n\nRationale for Model Answer: ${e://Field/Tea_R05}\n\nStudent Response: ${q://QID269/ChoiceTextEntryValue}\n\nPlease evaluate this response based on how well it captures the key concepts from the model answer."}], "model": "gpt-5.4", "reasoning_effort": "medium", "max_completion_tokens": 2000}, "ContentType": "application/json", "Headers": [{"key": "Authorization", "value": "Bearer YOUR_OPENAI_API_KEY"}], "ResponseMap": [{"key": "choices.0.message.content", "value": "Tea_F05"}], "FireAndForget": false, "SchemaVersion": 0, "StringifyValues": true}, {"Type": "Standard", "ID": "BL_8BpBKHyrV8g57Ey", "FlowID": "FL_38", "Autofill": []}]}, {"Type": "Group", "FlowID": "FL_16", "Description": "Tea Q06 Sequence", "Flow": [{"Type": "Standard", "ID": "BL_42AISyaj1SWDeZw", "FlowID": "FL_33", "Autofill": []}, {"Type": "WebService", "FlowID": "FL_34", "URL": "https://api.openai.com/v1/chat/completions", "Method": "POST", "RequestParams": [], "EditBodyParams": [{"key": "messages", "value": "[\n  {\n    \"role\": \"system\",\n    \"content\": \"You are an educational assessment assistant evaluating student responses about a video on the history of tea.\\n\\nAUDIENCE LEVEL: High school to first-year undergraduate students (not experts in the field).\\n\\nSCORING GUIDELINES:\\n- 9-10: Excellent - Captures all key concepts accurately with clear understanding\\n- 7-8: Good - Covers most key concepts with minor gaps or imprecisions\\n- 5-6: Satisfactory - Shows basic understanding but missing important elements\\n- 3-4: Needs improvement - Some correct ideas but significant gaps or misunderstandings\\n- 1-2: Inadequate - Minimal understanding demonstrated\\n- 0: No response or completely incorrect\\n\\nEVALUATION APPROACH:\\n1. Consider how well the response captures the essential meaning, not exact wording\\n2. Accept alternative phrasings if the core concept is correct\\n3. Technical terminology not required if concepts are explained in simpler terms\\n4. Provide constructive feedback (2-3 sentences) that highlights strengths and suggests improvements\\n5. End with: Score: X/10\"\n  },\n  {\n    \"role\": \"user\",\n    \"content\": \"Question: ${e://Field/Tea_Q06}\\n\\nModel Answer: ${e://Field/Tea_MA06}\\n\\nRationale for Model Answer: ${e://Field/Tea_R06}\\n\\nStudent Response: ${q://QID270/ChoiceTextEntryValue}\\n\\nPlease evaluate this response based on how well it captures the key concepts from the model answer.\"\n  }\n]", "parameterType": "JSON"}, {"key": "model", "value": "gpt-5.4"}, {"key": "reasoning_effort", "value": "medium"}, {"key": "max_completion_tokens", "value": "2000", "parameterType": "Number"}], "Body": {"messages": [{"role": "system", "content": "You are an educational assessment assistant evaluating student responses about a video on the history of tea.\n\nAUDIENCE LEVEL: High school to first-year undergraduate students (not experts in the field).\n\nSCORING GUIDELINES:\n- 9-10: Excellent - Captures all key concepts accurately with clear understanding\n- 7-8: Good - Covers most key concepts with minor gaps or imprecisions\n- 5-6: Satisfactory - Shows basic understanding but missing important elements\n- 3-4: Needs improvement - Some correct ideas but significant gaps or misunderstandings\n- 1-2: Inadequate - Minimal understanding demonstrated\n- 0: No response or completely incorrect\n\nEVALUATION APPROACH:\n1. Consider how well the response captures the essential meaning, not exact wording\n2. Accept alternative phrasings if the core concept is correct\n3. Technical terminology not required if concepts are explained in simpler terms\n4. Provide constructive feedback (2-3 sentences) that highlights strengths and suggests improvements\n5. End with: Score: X/10"}, {"role": "user", "content": "Question: ${e://Field/Tea_Q06}\n\nModel Answer: ${e://Field/Tea_MA06}\n\nRationale for Model Answer: ${e://Field/Tea_R06}\n\nStudent Response: ${q://QID270/ChoiceTextEntryValue}\n\nPlease evaluate this response based on how well it captures the key concepts from the model answer."}], "model": "gpt-5.4", "reasoning_effort": "medium", "max_completion_tokens": 2000}, "ContentType": "application/json", "Headers": [{"key": "Authorization", "value": "Bearer YOUR_OPENAI_API_KEY"}], "ResponseMap": [{"key": "choices.0.message.content", "value": "Tea_F06"}], "FireAndForget": false, "SchemaVersion": 0, "StringifyValues": true}, {"Type": "Standard", "ID": "BL_dg52jbJJYVQU7eC", "FlowID": "FL_35", "Autofill": []}]}, {"Type": "Group", "FlowID": "FL_17", "Description": "Tea Q07 Sequence", "Flow": [{"Type": "Standard", "ID": "BL_3jZeseL9pgyvgTc", "FlowID": "FL_30", "Autofill": []}, {"Type": "WebService", "FlowID": "FL_31", "URL": "https://api.openai.com/v1/chat/completions", "Method": "POST", "RequestParams": [], "EditBodyParams": [{"key": "messages", "value": "[\n  {\n    \"role\": \"system\",\n    \"content\": \"You are an educational assessment assistant evaluating student responses about a video on the history of tea.\\n\\nAUDIENCE LEVEL: High school to first-year undergraduate students (not experts in the field).\\n\\nSCORING GUIDELINES:\\n- 9-10: Excellent - Captures all key concepts accurately with clear understanding\\n- 7-8: Good - Covers most key concepts with minor gaps or imprecisions\\n- 5-6: Satisfactory - Shows basic understanding but missing important elements\\n- 3-4: Needs improvement - Some correct ideas but significant gaps or misunderstandings\\n- 1-2: Inadequate - Minimal understanding demonstrated\\n- 0: No response or completely incorrect\\n\\nEVALUATION APPROACH:\\n1. Consider how well the response captures the essential meaning, not exact wording\\n2. Accept alternative phrasings if the core concept is correct\\n3. Technical terminology not required if concepts are explained in simpler terms\\n4. Provide constructive feedback (2-3 sentences) that highlights strengths and suggests improvements\\n5. End with: Score: X/10\"\n  },\n  {\n    \"role\": \"user\",\n    \"content\": \"Question: ${e://Field/Tea_Q07}\\n\\nModel Answer: ${e://Field/Tea_MA07}\\n\\nRationale for Model Answer: ${e://Field/Tea_R07}\\n\\nStudent Response: ${q://QID271/ChoiceTextEntryValue}\\n\\nPlease evaluate this response based on how well it captures the key concepts from the model answer.\"\n  }\n]", "parameterType": "JSON"}, {"key": "model", "value": "gpt-5.4"}, {"key": "reasoning_effort", "value": "medium"}, {"key": "max_completion_tokens", "value": "2000", "parameterType": "Number"}], "Body": {"messages": [{"role": "system", "content": "You are an educational assessment assistant evaluating student responses about a video on the history of tea.\n\nAUDIENCE LEVEL: High school to first-year undergraduate students (not experts in the field).\n\nSCORING GUIDELINES:\n- 9-10: Excellent - Captures all key concepts accurately with clear understanding\n- 7-8: Good - Covers most key concepts with minor gaps or imprecisions\n- 5-6: Satisfactory - Shows basic understanding but missing important elements\n- 3-4: Needs improvement - Some correct ideas but significant gaps or misunderstandings\n- 1-2: Inadequate - Minimal understanding demonstrated\n- 0: No response or completely incorrect\n\nEVALUATION APPROACH:\n1. Consider how well the response captures the essential meaning, not exact wording\n2. Accept alternative phrasings if the core concept is correct\n3. Technical terminology not required if concepts are explained in simpler terms\n4. Provide constructive feedback (2-3 sentences) that highlights strengths and suggests improvements\n5. End with: Score: X/10"}, {"role": "user", "content": "Question: ${e://Field/Tea_Q07}\n\nModel Answer: ${e://Field/Tea_MA07}\n\nRationale for Model Answer: ${e://Field/Tea_R07}\n\nStudent Response: ${q://QID271/ChoiceTextEntryValue}\n\nPlease evaluate this response based on how well it captures the key concepts from the model answer."}], "model": "gpt-5.4", "reasoning_effort": "medium", "max_completion_tokens": 2000}, "ContentType": "application/json", "Headers": [{"key": "Authorization", "value": "Bearer YOUR_OPENAI_API_KEY"}], "ResponseMap": [{"key": "choices.0.message.content", "value": "Tea_F07"}], "FireAndForget": false, "SchemaVersion": 0, "StringifyValues": true}, {"Type": "Standard", "ID": "BL_8D1Ge34XfTVpCQK", "FlowID": "FL_32", "Autofill": []}]}, {"Type": "Group", "FlowID": "FL_18", "Description": "Tea Q08 Sequence", "Flow": [{"Type": "Standard", "ID": "BL_1zd08GWXfiu37zE", "FlowID": "FL_27", "Autofill": []}, {"Type": "WebService", "FlowID": "FL_28", "URL": "https://api.openai.com/v1/chat/completions", "Method": "POST", "RequestParams": [], "EditBodyParams": [{"key": "messages", "value": "[\n  {\n    \"role\": \"system\",\n    \"content\": \"You are an educational assessment assistant evaluating student responses about a video on the history of tea.\\n\\nAUDIENCE LEVEL: High school to first-year undergraduate students (not experts in the field).\\n\\nSCORING GUIDELINES:\\n- 9-10: Excellent - Captures all key concepts accurately with clear understanding\\n- 7-8: Good - Covers most key concepts with minor gaps or imprecisions\\n- 5-6: Satisfactory - Shows basic understanding but missing important elements\\n- 3-4: Needs improvement - Some correct ideas but significant gaps or misunderstandings\\n- 1-2: Inadequate - Minimal understanding demonstrated\\n- 0: No response or completely incorrect\\n\\nEVALUATION APPROACH:\\n1. Consider how well the response captures the essential meaning, not exact wording\\n2. Accept alternative phrasings if the core concept is correct\\n3. Technical terminology not required if concepts are explained in simpler terms\\n4. Provide constructive feedback (2-3 sentences) that highlights strengths and suggests improvements\\n5. End with: Score: X/10\"\n  },\n  {\n    \"role\": \"user\",\n    \"content\": \"Question: ${e://Field/Tea_Q08}\\n\\nModel Answer: ${e://Field/Tea_MA08}\\n\\nRationale for Model Answer: ${e://Field/Tea_R08}\\n\\nStudent Response: ${q://QID272/ChoiceTextEntryValue}\\n\\nPlease evaluate this response based on how well it captures the key concepts from the model answer.\"\n  }\n]", "parameterType": "JSON"}, {"key": "model", "value": "gpt-5.4"}, {"key": "reasoning_effort", "value": "medium"}, {"key": "max_completion_tokens", "value": "2000", "parameterType": "Number"}], "Body": {"messages": [{"role": "system", "content": "You are an educational assessment assistant evaluating student responses about a video on the history of tea.\n\nAUDIENCE LEVEL: High school to first-year undergraduate students (not experts in the field).\n\nSCORING GUIDELINES:\n- 9-10: Excellent - Captures all key concepts accurately with clear understanding\n- 7-8: Good - Covers most key concepts with minor gaps or imprecisions\n- 5-6: Satisfactory - Shows basic understanding but missing important elements\n- 3-4: Needs improvement - Some correct ideas but significant gaps or misunderstandings\n- 1-2: Inadequate - Minimal understanding demonstrated\n- 0: No response or completely incorrect\n\nEVALUATION APPROACH:\n1. Consider how well the response captures the essential meaning, not exact wording\n2. Accept alternative phrasings if the core concept is correct\n3. Technical terminology not required if concepts are explained in simpler terms\n4. Provide constructive feedback (2-3 sentences) that highlights strengths and suggests improvements\n5. End with: Score: X/10"}, {"role": "user", "content": "Question: ${e://Field/Tea_Q08}\n\nModel Answer: ${e://Field/Tea_MA08}\n\nRationale for Model Answer: ${e://Field/Tea_R08}\n\nStudent Response: ${q://QID272/ChoiceTextEntryValue}\n\nPlease evaluate this response based on how well it captures the key concepts from the model answer."}], "model": "gpt-5.4", "reasoning_effort": "medium", "max_completion_tokens": 2000}, "ContentType": "application/json", "Headers": [{"key": "Authorization", "value": "Bearer YOUR_OPENAI_API_KEY"}], "ResponseMap": [{"key": "choices.0.message.content", "value": "Tea_F08"}], "FireAndForget": false, "SchemaVersion": 0, "StringifyValues": true}, {"Type": "Standard", "ID": "BL_d4ITjW4POUaq5ng", "FlowID": "FL_29", "Autofill": []}]}, {"Type": "Group", "FlowID": "FL_19", "Description": "Tea Q09 Sequence", "Flow": [{"Type": "Standard", "ID": "BL_1ZlZSAzimTFguma", "FlowID": "FL_24", "Autofill": []}, {"Type": "WebService", "FlowID": "FL_25", "URL": "https://api.openai.com/v1/chat/completions", "Method": "POST", "RequestParams": [], "EditBodyParams": [{"key": "messages", "value": "[\n  {\n    \"role\": \"system\",\n    \"content\": \"You are an educational assessment assistant evaluating student responses about a video on the history of tea.\\n\\nAUDIENCE LEVEL: High school to first-year undergraduate students (not experts in the field).\\n\\nSCORING GUIDELINES:\\n- 9-10: Excellent - Captures all key concepts accurately with clear understanding\\n- 7-8: Good - Covers most key concepts with minor gaps or imprecisions\\n- 5-6: Satisfactory - Shows basic understanding but missing important elements\\n- 3-4: Needs improvement - Some correct ideas but significant gaps or misunderstandings\\n- 1-2: Inadequate - Minimal understanding demonstrated\\n- 0: No response or completely incorrect\\n\\nEVALUATION APPROACH:\\n1. Consider how well the response captures the essential meaning, not exact wording\\n2. Accept alternative phrasings if the core concept is correct\\n3. Technical terminology not required if concepts are explained in simpler terms\\n4. Provide constructive feedback (2-3 sentences) that highlights strengths and suggests improvements\\n5. End with: Score: X/10\"\n  },\n  {\n    \"role\": \"user\",\n    \"content\": \"Question: ${e://Field/Tea_Q09}\\n\\nModel Answer: ${e://Field/Tea_MA09}\\n\\nRationale for Model Answer: ${e://Field/Tea_R09}\\n\\nStudent Response: ${q://QID273/ChoiceTextEntryValue}\\n\\nPlease evaluate this response based on how well it captures the key concepts from the model answer.\"\n  }\n]", "parameterType": "JSON"}, {"key": "model", "value": "gpt-5.4"}, {"key": "reasoning_effort", "value": "medium"}, {"key": "max_completion_tokens", "value": "2000", "parameterType": "Number"}], "Body": {"messages": [{"role": "system", "content": "You are an educational assessment assistant evaluating student responses about a video on the history of tea.\n\nAUDIENCE LEVEL: High school to first-year undergraduate students (not experts in the field).\n\nSCORING GUIDELINES:\n- 9-10: Excellent - Captures all key concepts accurately with clear understanding\n- 7-8: Good - Covers most key concepts with minor gaps or imprecisions\n- 5-6: Satisfactory - Shows basic understanding but missing important elements\n- 3-4: Needs improvement - Some correct ideas but significant gaps or misunderstandings\n- 1-2: Inadequate - Minimal understanding demonstrated\n- 0: No response or completely incorrect\n\nEVALUATION APPROACH:\n1. Consider how well the response captures the essential meaning, not exact wording\n2. Accept alternative phrasings if the core concept is correct\n3. Technical terminology not required if concepts are explained in simpler terms\n4. Provide constructive feedback (2-3 sentences) that highlights strengths and suggests improvements\n5. End with: Score: X/10"}, {"role": "user", "content": "Question: ${e://Field/Tea_Q09}\n\nModel Answer: ${e://Field/Tea_MA09}\n\nRationale for Model Answer: ${e://Field/Tea_R09}\n\nStudent Response: ${q://QID273/ChoiceTextEntryValue}\n\nPlease evaluate this response based on how well it captures the key concepts from the model answer."}], "model": "gpt-5.4", "reasoning_effort": "medium", "max_completion_tokens": 2000}, "ContentType": "application/json", "Headers": [{"key": "Authorization", "value": "Bearer YOUR_OPENAI_API_KEY"}], "ResponseMap": [{"key": "choices.0.message.content", "value": "Tea_F09"}], "FireAndForget": false, "SchemaVersion": 0, "StringifyValues": true}, {"Type": "Standard", "ID": "BL_3WbN5SY1D0DQ5CK", "FlowID": "FL_26", "Autofill": []}]}, {"Type": "Group", "FlowID": "FL_20", "Description": "Tea Q10 Sequence", "Flow": [{"Type": "Standard", "ID": "BL_bk3EQTR8B5CgWpg", "FlowID": "FL_21", "Autofill": []}, {"Type": "WebService", "FlowID": "FL_22", "URL": "https://api.openai.com/v1/chat/completions", "Method": "POST", "RequestParams": [], "EditBodyParams": [{"key": "messages", "value": "[\n  {\n    \"role\": \"system\",\n    \"content\": \"You are an educational assessment assistant evaluating student responses about a video on the history of tea.\\n\\nAUDIENCE LEVEL: High school to first-year undergraduate students (not experts in the field).\\n\\nSCORING GUIDELINES:\\n- 9-10: Excellent - Captures all key concepts accurately with clear understanding\\n- 7-8: Good - Covers most key concepts with minor gaps or imprecisions\\n- 5-6: Satisfactory - Shows basic understanding but missing important elements\\n- 3-4: Needs improvement - Some correct ideas but significant gaps or misunderstandings\\n- 1-2: Inadequate - Minimal understanding demonstrated\\n- 0: No response or completely incorrect\\n\\nEVALUATION APPROACH:\\n1. Consider how well the response captures the essential meaning, not exact wording\\n2. Accept alternative phrasings if the core concept is correct\\n3. Technical terminology not required if concepts are explained in simpler terms\\n4. Provide constructive feedback (2-3 sentences) that highlights strengths and suggests improvements\\n5. End with: Score: X/10\"\n  },\n  {\n    \"role\": \"user\",\n    \"content\": \"Question: ${e://Field/Tea_Q10}\\n\\nModel Answer: ${e://Field/Tea_MA10}\\n\\nRationale for Model Answer: ${e://Field/Tea_R10}\\n\\nStudent Response: ${q://QID274/ChoiceTextEntryValue}\\n\\nPlease evaluate this response based on how well it captures the key concepts from the model answer.\"\n  }\n]", "parameterType": "JSON"}, {"key": "model", "value": "gpt-5.4"}, {"key": "reasoning_effort", "value": "medium"}, {"key": "max_completion_tokens", "value": "2000", "parameterType": "Number"}], "Body": {"messages": [{"role": "system", "content": "You are an educational assessment assistant evaluating student responses about a video on the history of tea.\n\nAUDIENCE LEVEL: High school to first-year undergraduate students (not experts in the field).\n\nSCORING GUIDELINES:\n- 9-10: Excellent - Captures all key concepts accurately with clear understanding\n- 7-8: Good - Covers most key concepts with minor gaps or imprecisions\n- 5-6: Satisfactory - Shows basic understanding but missing important elements\n- 3-4: Needs improvement - Some correct ideas but significant gaps or misunderstandings\n- 1-2: Inadequate - Minimal understanding demonstrated\n- 0: No response or completely incorrect\n\nEVALUATION APPROACH:\n1. Consider how well the response captures the essential meaning, not exact wording\n2. Accept alternative phrasings if the core concept is correct\n3. Technical terminology not required if concepts are explained in simpler terms\n4. Provide constructive feedback (2-3 sentences) that highlights strengths and suggests improvements\n5. End with: Score: X/10"}, {"role": "user", "content": "Question: ${e://Field/Tea_Q10}\n\nModel Answer: ${e://Field/Tea_MA10}\n\nRationale for Model Answer: ${e://Field/Tea_R10}\n\nStudent Response: ${q://QID274/ChoiceTextEntryValue}\n\nPlease evaluate this response based on how well it captures the key concepts from the model answer."}], "model": "gpt-5.4", "reasoning_effort": "medium", "max_completion_tokens": 2000}, "ContentType": "application/json", "Headers": [{"key": "Authorization", "value": "Bearer YOUR_OPENAI_API_KEY"}], "ResponseMap": [{"key": "choices.0.message.content", "value": "Tea_F10"}], "FireAndForget": false, "SchemaVersion": 0, "StringifyValues": true}, {"Type": "Standard", "ID": "BL_1AdyjqZ8ywr6Xvo", "FlowID": "FL_23", "Autofill": []}]}]}]}]}, {"Type": "Standard", "ID": "BL_cYNoSOYf6ooIMf4", "FlowID": "FL_6", "Autofill": []}], "Properties": {"Count": 50}}}, {"SurveyID": "SV_cHECykB35imz7UO", "Element": "PL", "PrimaryAttribute": "Preview Link", "SecondaryAttribute": null, "TertiaryAttribute": null, "Payload": {"PreviewType": "Brand", "PreviewID": "644c58ec-75b5-4f32-beb4-5e5b660ce37f"}}, {"SurveyID": "SV_cHECykB35imz7UO", "Element": "PROJ", "PrimaryAttribute": "CORE", "SecondaryAttribute": null, "TertiaryAttribute": "1.1.0", "Payload": {"ProjectCategory": "CORE", "SchemaVersion": "1.1.0"}}, {"SurveyID": "SV_cHECykB35imz7UO", "Element": "QC", "PrimaryAttribute": "Survey Question Count", "SecondaryAttribute": "26", "TertiaryAttribute": null, "Payload": null}, {"SurveyID": "SV_cHECykB35imz7UO", "Element": "RS", "PrimaryAttribute": "RS_6L4IOgBOnq0t0p0", "SecondaryAttribute": null, "TertiaryAttribute": null, "Payload": null}, {"SurveyID": "SV_cHECykB35imz7UO", "Element": "SCO", "PrimaryAttribute": "Scoring", "SecondaryAttribute": null, "TertiaryAttribute": null, "Payload": {"ScoringCategories": [{"Description": "", "ID": "SC_23vC4bifGQ7v5ie", "Name": "Score"}], "ScoringCategoryGroups": [], "DefaultScoringCategory": "SC_23vC4bifGQ7v5ie", "ScoringSummaryCategory": "SC_23vC4bifGQ7v5ie", "ScoringSummaryAfterQuestions": true, "ScoringSummaryAfterSurvey": 0, "AutoScoringCategory": null, "IgnoreNullValues": true}}, {"SurveyID": "SV_cHECykB35imz7UO", "Element": "SO", "PrimaryAttribute": "Survey Options", "SecondaryAttribute": null, "TertiaryAttribute": null, "Payload": {"BackButton": "false", "SaveAndContinue": "false", "SurveyProtection": "PublicSurvey", "BallotBoxStuffingPrevention": "true", "NoIndex": "Yes", "SecureResponseFiles": "true", "SurveyExpiration": "None", "SurveyTermination": "Redirect", "Header": "", "Footer": "", "ProgressBarDisplay": "None", "PartialData": "+1 week", "ValidationMessage": null, "PreviousButton": "", "NextButton": " → ", "SurveyTitle": "Qualtrics Survey | Qualtrics Experience Management", "SkinLibrary": "uclioe", "SkinType": "templated", "Skin": {"brandingId": "9370853168", "templateId": "*base", "overrides": {"contrast": 1, "layout": {"spacing": 0}}}, "NewScoring": 1, "SurveyMetaDescription": "The most powerful, simple and trusted way to gather experience data. Start your journey to experience management and try a free account today.", "EOSMessage": null, "ShowExportTags": "false", "CollectGeoLocation": "false", "PasswordProtection": "No", "AnonymizeResponse": "Yes", "RefererCheck": "No", "BallotBoxStuffingPreventionBehavior": "DefaultMessage", "BallotBoxStuffingPreventionMessage": null, "BallotBoxStuffingPreventionMessageLibrary": null, "BallotBoxStuffingPreventionURL": null, "RecaptchaV3": "true", "ConfirmStart": false, "AutoConfirmStart": false, "RelevantID": "false", "RelevantIDLockoutPeriod": "+30 days", "UseCustomSurveyLinkCompletedMessage": null, "SurveyLinkCompletedMessage": null, "SurveyLinkCompletedMessageLibrary": null, "ResponseSummary": "No", "EOSMessageLibrary": null, "EOSRedirectURL": "https://app.prolific.com/submissions/complete?cc=C4QXI9HF", "EmailThankYou": "false", "ThankYouEmailMessageLibrary": null, "ThankYouEmailMessage": null, "ValidateMessage": "false", "ValidationMessageLibrary": null, "InactiveSurvey": "DefaultMessage", "PartialDeletion": null, "PartialDataCloseAfter": "LastActivity", "InactiveMessageLibrary": null, "InactiveMessage": null, "AvailableLanguages": {"EN": []}, "CustomStyles": {"customCSS": ""}}}, {"SurveyID": "SV_cHECykB35imz7UO", "Element": "SQ", "PrimaryAttribute": "QID1218945872", "SecondaryAttribute": "What is your Prolific ID? Please note that this response should auto-fill with the correct ID", "TertiaryAttribute": null, "Payload": {"Configuration": {"QuestionDescriptionOption": "UseText"}, "DataVisibility": {"Hidden": false, "Private": false}, "DefaultChoices": {"TEXT": {"Text": "${e://Field/PROLIFIC_PID}"}}, "GradingData": [], "Language": [], "NextAnswerId": 1, "NextChoiceId": 4, "QuestionDescription": "What is your Prolific ID? Please note that this response should auto-fill with the correct ID", "QuestionText": "What is your Prolific ID?<br />\n<span style=\"font-size:16px;\"><em>Please note that this response should auto-fill with the correct ID</em></span>", "QuestionText_Unsafe": "What is your Prolific ID?<br />\n<span style=\"font-size:16px;\"><em>Please note that this response should auto-fill with the correct ID</em></span>", "QuestionType": "TE", "SearchSource": {"AllowFreeResponse": "false"}, "Selector": "SL", "Validation": {"Settings": {"ForceResponse": "ON", "ForceResponseType": "ON", "Type": "None"}}, "DataExportTag": "part2_id", "QuestionID": "QID1218945872"}}, {"SurveyID": "SV_cHECykB35imz7UO", "Element": "SQ", "PrimaryAttribute": "QID1218945883", "SecondaryAttribute": "Part 2 information:  This is Part 2 of the study.  You will rewatch the educational video (~5 min.", "TertiaryAttribute": null, "Payload": {"QuestionText": "<span style=\"color:#c0392b;\"><strong>Part 2 information:&nbsp;</strong></span><br>\n<br>\nThis is Part 2 of the study.&nbsp;<br>\n<br>\nYou will rewatch the educational video (~5 minutes) on the history of tea.<br>\n<br>\nPlease watch the entire video without any distractions, and please do NOT take any notes.&nbsp;", "DefaultChoices": false, "QuestionType": "DB", "Selector": "TB", "DataVisibility": {"Private": false, "Hidden": false}, "Configuration": {"QuestionDescriptionOption": "UseText"}, "QuestionDescription": "Part 2 information:  This is Part 2 of the study.  You will rewatch the educational video (~5 min...", "ChoiceOrder": [], "Validation": {"Settings": {"Type": "None"}}, "GradingData": [], "Language": [], "NextChoiceId": 4, "NextAnswerId": 1, "QuestionJS": "Qualtrics.SurveyEngine.addOnload(function()\n{\n\t/*Place your JavaScript here to run when the page loads*/\n\t\n\tQualtrics.SurveyEngine.setEmbeddedData( 'Group', \"Restudy\" );\n\n});\n\nQualtrics.SurveyEngine.addOnReady(function()\n{\n\t/*Place your JavaScript here to run when the page is fully displayed*/\n\n});\n\nQualtrics.SurveyEngine.addOnUnload(function()\n{\n\t/*Place your JavaScript here to run when the page is unloaded*/\n\n});", "QuestionText_Unsafe": "<span style=\"color:#c0392b;\"><strong>Part 2 information:&nbsp;</strong></span><br />\n<br />\nThis is Part 2 of the study.&nbsp;<br />\n<br />\nYou will rewatch the educational video (~15 minutes) on psychedelics.<br />\n<br />\nPlease watch the video without any distractions, and please do NOT take any notes.&nbsp;", "DataExportTag": "restudy_info", "QuestionID": "QID1218945883"}}, {"SurveyID": "SV_cHECykB35imz7UO", "Element": "SQ", "PrimaryAttribute": "QID1218945884", "SecondaryAttribute": " ", "TertiaryAttribute": null, "Payload": {"ChoiceOrder": [], "Configuration": {"QuestionDescriptionOption": "UseText"}, "DataVisibility": {"Hidden": false, "Private": false}, "DefaultChoices": false, "GradingData": [], "Language": [], "NextAnswerId": 1, "NextChoiceId": 4, "QuestionDescription": " ", "QuestionJS": false, "QuestionText": "<div style=\"text-align: center;\">\n    <iframe id=\"youtube-player\" width=\"1067\" height=\"600\" \n        src=\"https://www.youtube.com/embed/LaLvVc1sS20?autoplay=1&controls=0&modestbranding=1&showinfo=0&rel=0&disablekb=1\"\n        frameborder=\"0\" allow=\"autoplay; encrypted-media\" allowfullscreen>\n    </iframe>\n</div>", "QuestionText_Unsafe": "<div style=\"text-align: center;\">\n    <iframe id=\"youtube-player\" width=\"1000\" height=\"600\" \n        src=\"https://www.youtube.com/embed/qtEOBWBjCL4?autoplay=1&controls=0&modestbranding=1&showinfo=0&rel=0&disablekb=1\"\n        frameborder=\"0\" allow=\"autoplay; encrypted-media\" allowfullscreen>\n    </iframe>\n</div>\n", "QuestionType": "DB", "Selector": "TB", "Validation": {"Settings": {"Type": "None"}}, "DataExportTag": "restudy", "QuestionID": "QID1218945884"}}, {"SurveyID": "SV_cHECykB35imz7UO", "Element": "SQ", "PrimaryAttribute": "QID1218945885", "SecondaryAttribute": "Timing", "TertiaryAttribute": null, "Payload": {"Choices": {"1": {"Display": "First Click"}, "2": {"Display": "Last Click"}, "3": {"Display": "Page Submit"}, "4": {"Display": "Click Count"}}, "Configuration": {"MaxSeconds": "0", "MinSeconds": 285, "QuestionDescriptionOption": "UseText"}, "DataVisibility": {"Hidden": false, "Private": false}, "DefaultChoices": false, "GradingData": [], "Language": [], "NextAnswerId": 1, "NextChoiceId": 132, "QuestionDescription": "Timing", "QuestionText": "Timing", "QuestionText_Unsafe": "Timing", "QuestionType": "Timing", "Selector": "PageTimer", "DataExportTag": "restudy_timer", "QuestionID": "QID1218945885"}}, {"SurveyID": "SV_cHECykB35imz7UO", "Element": "SQ", "PrimaryAttribute": "QID1218945892", "SecondaryAttribute": "You have completed Part 2 of the study.  You will be emailed with an invitation to take part in P..", "TertiaryAttribute": null, "Payload": {"ChoiceOrder": [], "Configuration": {"QuestionDescriptionOption": "UseText"}, "DataVisibility": {"Hidden": false, "Private": false}, "DefaultChoices": false, "GradingData": [], "Language": [], "NextAnswerId": 1, "NextChoiceId": 4, "QuestionDescription": "You have completed Part 2 of the study.  You will be emailed with an invitation to take part in P...", "QuestionText": "You have completed Part 2 of the study.&nbsp;<br><br>You will be emailed with an invitation to take part in Part 3 seven days from now at around 10am, and you will be able to complete it until around 8pm (UK time).<br><br>Please remember that you will only be eligible for reimbursement after completing all three parts of the study.&nbsp;<br><br>Clicking the next button will end Part 2 and redirect you back to Prolific.&nbsp;", "QuestionText_Unsafe": "You have completed Part 2 of the study.&nbsp;<br><br>You will be emailed with an invitation to take part in Part 3 in two days at around 10am, and you will be able to complete it until around 8pm (UK time).<br><br>Please remember that you will only be eligible for reimbursement after completing all three parts of the study.&nbsp;<br><br>Clicking the next button will end Part 2 and redirect you back to Prolific.&nbsp;", "QuestionType": "DB", "Selector": "TB", "Validation": {"Settings": {"Type": "None"}}, "DataExportTag": "part2_end", "QuestionID": "QID1218945892"}}, {"SurveyID": "SV_cHECykB35imz7UO", "Element": "SQ", "PrimaryAttribute": "QID1218945893", "SecondaryAttribute": "Part 2 information:  This is Part 2 of the study.  You will answer 10 short-answer questions (SAQ.", "TertiaryAttribute": null, "Payload": {"ChoiceOrder": [], "Configuration": {"QuestionDescriptionOption": "UseText"}, "DataVisibility": {"Hidden": false, "Private": false}, "DefaultChoices": false, "GradingData": [], "Language": [], "NextAnswerId": 1, "NextChoiceId": 4, "QuestionDescription": "Part 2 information:  This is Part 2 of the study.  You will answer 10 short-answer questions (SAQ...", "QuestionJS": "Qualtrics.SurveyEngine.addOnload(function()\n{\n\t/*Place your JavaScript here to run when the page loads*/\n\t\n\tQualtrics.SurveyEngine.setEmbeddedData( 'Group', \"SAQ\" );\n\n});\n\nQualtrics.SurveyEngine.addOnReady(function()\n{\n\t/*Place your JavaScript here to run when the page is fully displayed*/\n\n});\n\nQualtrics.SurveyEngine.addOnUnload(function()\n{\n\t/*Place your JavaScript here to run when the page is unloaded*/\n\n});", "QuestionText": "<span style=\"color:#c0392b;\"><strong>Part 2 information:&nbsp;</strong></span><br>\n<br>\nThis is Part 2 of the study.&nbsp;<br>\n<br>\nYou will answer 10 short-answer questions (SAQs) based on the content from the history of tea video you watched yesterday.&nbsp;<br>\n<br>\nFor each question, type what you think is the correct answer in one or two short sentences.&nbsp;<br>\n<br>\nAfter answering each SAQ, you will be given feedback on your answer as well as a score out of 10, with 10 being a perfect answer. The feedback may take some time to load.&nbsp;<br>\n<br>\nPlease attempt to answer the SAQs to the best of your ability and study the feedback carefully. There is no time limit for this task.&nbsp;<br>\n<br>\nPlease do NOT take any notes or use any external tools to help you answer questions. We ask that you rely solely on your memory.&nbsp;", "QuestionText_Unsafe": "<span style=\"color:#c0392b;\"><strong>Part 2 information:&nbsp;</strong></span><br>\n<br>\nThis is Part 2 of the study.&nbsp;<br>\n<br>\nYou will answer 10 short-answer questions (SAQs) based on the content from the psychedelics video you watched yesterday.&nbsp;<br>\n<br>\nFor each question, type what you think is the correct answer in one or two short sentences.&nbsp;<br>\n<br>\nAfter answering each SAQ, you will be given feedback on your answer as well as a score out of 10, with 10 being a perfect answer.&nbsp;<br>\n<br>\nPlease attempt to answer the SAQs to the best of your ability and study the feedback carefully. There is no time limit for this task.&nbsp;<br>\n<br>\nPlease do NOT take any notes.&nbsp;", "QuestionType": "DB", "Selector": "TB", "Validation": {"Settings": {"Type": "None"}}, "DataExportTag": "SAQ_info", "QuestionID": "QID1218945893"}}, {"SurveyID": "SV_cHECykB35imz7UO", "Element": "SQ", "PrimaryAttribute": "QID265", "SecondaryAttribute": "${e://Field/Tea_Q01}", "TertiaryAttribute": null, "Payload": {"QuestionText": "${e://Field/Tea_Q01}", "DefaultChoices": false, "QuestionType": "TE", "Selector": "ML", "DataVisibility": {"Private": false, "Hidden": false}, "Configuration": {"QuestionDescriptionOption": "UseText"}, "QuestionDescription": "${e://Field/Tea_Q01}", "Validation": {"Settings": {"ForceResponse": "ON", "Type": "None", "ForceResponseType": "ON"}}, "GradingData": [], "Language": [], "NextChoiceId": 4, "NextAnswerId": 1, "SearchSource": {"AllowFreeResponse": "false"}, "QuestionText_Unsafe": "${e://Field/Tea_Q01}", "DataExportTag": "TeaQ01", "QuestionID": "QID265"}}, {"SurveyID": "SV_cHECykB35imz7UO", "Element": "SQ", "PrimaryAttribute": "QID266", "SecondaryAttribute": "${e://Field/Tea_Q02}", "TertiaryAttribute": null, "Payload": {"QuestionText": "${e://Field/Tea_Q02}", "DefaultChoices": false, "QuestionType": "TE", "Selector": "ML", "DataVisibility": {"Private": false, "Hidden": false}, "Configuration": {"QuestionDescriptionOption": "UseText"}, "QuestionDescription": "${e://Field/Tea_Q02}", "Validation": {"Settings": {"ForceResponse": "ON", "Type": "None", "ForceResponseType": "ON"}}, "GradingData": [], "Language": [], "NextChoiceId": 4, "NextAnswerId": 1, "SearchSource": {"AllowFreeResponse": "false"}, "QuestionText_Unsafe": "${e://Field/Tea_Q02}", "DataExportTag": "TeaQ02", "QuestionID": "QID266"}}, {"SurveyID": "SV_cHECykB35imz7UO", "Element": "SQ", "PrimaryAttribute": "QID267", "SecondaryAttribute": "${e://Field/Tea_Q03}", "TertiaryAttribute": null, "Payload": {"QuestionText": "${e://Field/Tea_Q03}", "DefaultChoices": false, "QuestionType": "TE", "Selector": "ML", "DataVisibility": {"Private": false, "Hidden": false}, "Configuration": {"QuestionDescriptionOption": "UseText"}, "QuestionDescription": "${e://Field/Tea_Q03}", "Validation": {"Settings": {"ForceResponse": "ON", "Type": "None", "ForceResponseType": "ON"}}, "GradingData": [], "Language": [], "NextChoiceId": 4, "NextAnswerId": 1, "SearchSource": {"AllowFreeResponse": "false"}, "QuestionText_Unsafe": "${e://Field/Tea_Q03}", "DataExportTag": "TeaQ03", "QuestionID": "QID267"}}, {"SurveyID": "SV_cHECykB35imz7UO", "Element": "SQ", "PrimaryAttribute": "QID268", "SecondaryAttribute": "${e://Field/Tea_Q04}", "TertiaryAttribute": null, "Payload": {"QuestionText": "${e://Field/Tea_Q04}", "DefaultChoices": false, "QuestionType": "TE", "Selector": "ML", "DataVisibility": {"Private": false, "Hidden": false}, "Configuration": {"QuestionDescriptionOption": "UseText"}, "QuestionDescription": "${e://Field/Tea_Q04}", "Validation": {"Settings": {"ForceResponse": "ON", "Type": "None", "ForceResponseType": "ON"}}, "GradingData": [], "Language": [], "NextChoiceId": 4, "NextAnswerId": 1, "SearchSource": {"AllowFreeResponse": "false"}, "QuestionText_Unsafe": "${e://Field/Tea_Q04}", "DataExportTag": "TeaQ04", "QuestionID": "QID268"}}, {"SurveyID": "SV_cHECykB35imz7UO", "Element": "SQ", "PrimaryAttribute": "QID269", "SecondaryAttribute": "${e://Field/Tea_Q05}", "TertiaryAttribute": null, "Payload": {"QuestionText": "${e://Field/Tea_Q05}", "DefaultChoices": false, "QuestionType": "TE", "Selector": "ML", "DataVisibility": {"Private": false, "Hidden": false}, "Configuration": {"QuestionDescriptionOption": "UseText"}, "QuestionDescription": "${e://Field/Tea_Q05}", "Validation": {"Settings": {"ForceResponse": "ON", "Type": "None", "ForceResponseType": "ON"}}, "GradingData": [], "Language": [], "NextChoiceId": 4, "NextAnswerId": 1, "SearchSource": {"AllowFreeResponse": "false"}, "QuestionText_Unsafe": "${e://Field/Tea_Q05}", "DataExportTag": "TeaQ05", "QuestionID": "QID269"}}, {"SurveyID": "SV_cHECykB35imz7UO", "Element": "SQ", "PrimaryAttribute": "QID270", "SecondaryAttribute": "${e://Field/Tea_Q06}", "TertiaryAttribute": null, "Payload": {"QuestionText": "${e://Field/Tea_Q06}", "DefaultChoices": false, "QuestionType": "TE", "Selector": "ML", "DataVisibility": {"Private": false, "Hidden": false}, "Configuration": {"QuestionDescriptionOption": "UseText"}, "QuestionDescription": "${e://Field/Tea_Q06}", "Validation": {"Settings": {"ForceResponse": "ON", "Type": "None", "ForceResponseType": "ON"}}, "GradingData": [], "Language": [], "NextChoiceId": 4, "NextAnswerId": 1, "SearchSource": {"AllowFreeResponse": "false"}, "QuestionText_Unsafe": "${e://Field/Tea_Q06}", "DataExportTag": "TeaQ06", "QuestionID": "QID270"}}, {"SurveyID": "SV_cHECykB35imz7UO", "Element": "SQ", "PrimaryAttribute": "QID271", "SecondaryAttribute": "${e://Field/Tea_Q07}", "TertiaryAttribute": null, "Payload": {"QuestionText": "${e://Field/Tea_Q07}", "DefaultChoices": false, "QuestionType": "TE", "Selector": "ML", "DataVisibility": {"Private": false, "Hidden": false}, "Configuration": {"QuestionDescriptionOption": "UseText"}, "QuestionDescription": "${e://Field/Tea_Q07}", "Validation": {"Settings": {"ForceResponse": "ON", "Type": "None", "ForceResponseType": "ON"}}, "GradingData": [], "Language": [], "NextChoiceId": 4, "NextAnswerId": 1, "SearchSource": {"AllowFreeResponse": "false"}, "QuestionText_Unsafe": "${e://Field/Tea_Q07}", "DataExportTag": "TeaQ07", "QuestionID": "QID271"}}, {"SurveyID": "SV_cHECykB35imz7UO", "Element": "SQ", "PrimaryAttribute": "QID272", "SecondaryAttribute": "${e://Field/Tea_Q08}", "TertiaryAttribute": null, "Payload": {"QuestionText": "${e://Field/Tea_Q08}", "DefaultChoices": false, "QuestionType": "TE", "Selector": "ML", "DataVisibility": {"Private": false, "Hidden": false}, "Configuration": {"QuestionDescriptionOption": "UseText"}, "QuestionDescription": "${e://Field/Tea_Q08}", "Validation": {"Settings": {"ForceResponse": "ON", "Type": "None", "ForceResponseType": "ON"}}, "GradingData": [], "Language": [], "NextChoiceId": 4, "NextAnswerId": 1, "SearchSource": {"AllowFreeResponse": "false"}, "QuestionText_Unsafe": "${e://Field/Tea_Q08}", "DataExportTag": "TeaQ08", "QuestionID": "QID272"}}, {"SurveyID": "SV_cHECykB35imz7UO", "Element": "SQ", "PrimaryAttribute": "QID273", "SecondaryAttribute": "${e://Field/Tea_Q09}", "TertiaryAttribute": null, "Payload": {"QuestionText": "${e://Field/Tea_Q09}", "DefaultChoices": false, "QuestionType": "TE", "Selector": "ML", "DataVisibility": {"Private": false, "Hidden": false}, "Configuration": {"QuestionDescriptionOption": "UseText"}, "QuestionDescription": "${e://Field/Tea_Q09}", "Validation": {"Settings": {"ForceResponse": "ON", "Type": "None", "ForceResponseType": "ON"}}, "GradingData": [], "Language": [], "NextChoiceId": 4, "NextAnswerId": 1, "SearchSource": {"AllowFreeResponse": "false"}, "QuestionText_Unsafe": "${e://Field/Tea_Q09}", "DataExportTag": "TeaQ09", "QuestionID": "QID273"}}, {"SurveyID": "SV_cHECykB35imz7UO", "Element": "SQ", "PrimaryAttribute": "QID274", "SecondaryAttribute": "${e://Field/Tea_Q10}", "TertiaryAttribute": null, "Payload": {"QuestionText": "${e://Field/Tea_Q10}", "DefaultChoices": false, "QuestionType": "TE", "Selector": "ML", "DataVisibility": {"Private": false, "Hidden": false}, "Configuration": {"QuestionDescriptionOption": "UseText"}, "QuestionDescription": "${e://Field/Tea_Q10}", "Validation": {"Settings": {"ForceResponse": "ON", "Type": "None", "ForceResponseType": "ON"}}, "GradingData": [], "Language": [], "NextChoiceId": 4, "NextAnswerId": 1, "SearchSource": {"AllowFreeResponse": "false"}, "QuestionText_Unsafe": "${e://Field/Tea_Q10}", "DataExportTag": "TeaQ10", "QuestionID": "QID274"}}, {"SurveyID": "SV_cHECykB35imz7UO", "Element": "SQ", "PrimaryAttribute": "QID275", "SecondaryAttribute": "Here's your feedback: ${e://Field/Tea_F01} ------------------- Model Answer: ${e://Field/Tea_MA01}", "TertiaryAttribute": null, "Payload": {"QuestionText": "Here's your feedback:<br>\n<br>\n${e://Field/Tea_F01}<br><br>-------------------<br>Model Answer:\n<br><br>${e://Field/Tea_MA01}<br>", "DefaultChoices": false, "QuestionType": "DB", "Selector": "TB", "DataVisibility": {"Private": false, "Hidden": false}, "Configuration": {"QuestionDescriptionOption": "UseText"}, "QuestionDescription": "Here's your feedback: ${e://Field/Tea_F01} ------------------- Model Answer: ${e://Field/Tea_MA01}", "ChoiceOrder": [], "Validation": {"Settings": {"Type": "None"}}, "GradingData": [], "Language": [], "NextChoiceId": 4, "NextAnswerId": 1, "QuestionText_Unsafe": "Here's your feedback:<br>\n<br>\n${e://Field/Stem_F10}<br><br>-------------------<br>Model Answer:\n<br><br>${e://Field/Stem_MA10}<br><br>-------------------<br>Rationale:<br><br>${e://Field/Stem_R10}\n<br>", "DataExportTag": "TeaF01", "QuestionID": "QID275"}}, {"SurveyID": "SV_cHECykB35imz7UO", "Element": "SQ", "PrimaryAttribute": "QID276", "SecondaryAttribute": "Here's your feedback: ${e://Field/Tea_F02} ------------------- Model Answer: ${e://Field/Tea_MA02}", "TertiaryAttribute": null, "Payload": {"QuestionText": "Here's your feedback:<br>\n<br>\n${e://Field/Tea_F02}<br><br>-------------------<br>Model Answer:\n<br><br>${e://Field/Tea_MA02}<br>", "DefaultChoices": false, "QuestionType": "DB", "Selector": "TB", "DataVisibility": {"Private": false, "Hidden": false}, "Configuration": {"QuestionDescriptionOption": "UseText"}, "QuestionDescription": "Here's your feedback: ${e://Field/Tea_F02} ------------------- Model Answer: ${e://Field/Tea_MA02}", "ChoiceOrder": [], "Validation": {"Settings": {"Type": "None"}}, "GradingData": [], "Language": [], "NextChoiceId": 4, "NextAnswerId": 1, "QuestionText_Unsafe": "Here's your feedback:<br>\n<br>\n${e://Field/Psy_F01}<br><br>-------------------<br>Model Answer:\n<br><br>${e://Field/Psy_MA01}<br><br>-------------------<br>Rationale:<br><br>${e://Field/Psy_R01}\n<br>", "DataExportTag": "TeaF02", "QuestionID": "QID276"}}, {"SurveyID": "SV_cHECykB35imz7UO", "Element": "SQ", "PrimaryAttribute": "QID277", "SecondaryAttribute": "Here's your feedback: ${e://Field/Tea_F03} ------------------- Model Answer: ${e://Field/Tea_MA03}", "TertiaryAttribute": null, "Payload": {"QuestionText": "Here's your feedback:<br>\n<br>\n${e://Field/Tea_F03}<br><br>-------------------<br>Model Answer:\n<br><br>${e://Field/Tea_MA03}<br>", "DefaultChoices": false, "QuestionType": "DB", "Selector": "TB", "DataVisibility": {"Private": false, "Hidden": false}, "Configuration": {"QuestionDescriptionOption": "UseText"}, "QuestionDescription": "Here's your feedback: ${e://Field/Tea_F03} ------------------- Model Answer: ${e://Field/Tea_MA03}", "ChoiceOrder": [], "Validation": {"Settings": {"Type": "None"}}, "GradingData": [], "Language": [], "NextChoiceId": 4, "NextAnswerId": 1, "QuestionText_Unsafe": "Here's your feedback:<br>\n<br>\n${e://Field/Psy_F02}<br><br>-------------------<br>Model Answer:\n<br><br>${e://Field/Psy_MA02}<br><br>-------------------<br>Rationale:<br><br>${e://Field/Psy_R02}\n<br>", "DataExportTag": "TeaF03", "QuestionID": "QID277"}}, {"SurveyID": "SV_cHECykB35imz7UO", "Element": "SQ", "PrimaryAttribute": "QID278", "SecondaryAttribute": "Here's your feedback: ${e://Field/Tea_F04} ------------------- Model Answer: ${e://Field/Tea_MA04}", "TertiaryAttribute": null, "Payload": {"QuestionText": "Here's your feedback:<br>\n<br>\n${e://Field/Tea_F04}<br><br>-------------------<br>Model Answer:\n<br><br>${e://Field/Tea_MA04}<br>", "DefaultChoices": false, "QuestionType": "DB", "Selector": "TB", "DataVisibility": {"Private": false, "Hidden": false}, "Configuration": {"QuestionDescriptionOption": "UseText"}, "QuestionDescription": "Here's your feedback: ${e://Field/Tea_F04} ------------------- Model Answer: ${e://Field/Tea_MA04}", "ChoiceOrder": [], "Validation": {"Settings": {"Type": "None"}}, "GradingData": [], "Language": [], "NextChoiceId": 4, "NextAnswerId": 1, "QuestionText_Unsafe": "Here's your feedback:<br>\n<br>\n${e://Field/Psy_F03}<br><br>-------------------<br>Model Answer:\n<br><br>${e://Field/Psy_MA03}<br><br>-------------------<br>Rationale:<br><br>${e://Field/Psy_R03}\n<br>", "DataExportTag": "TeaF04", "QuestionID": "QID278"}}, {"SurveyID": "SV_cHECykB35imz7UO", "Element": "SQ", "PrimaryAttribute": "QID279", "SecondaryAttribute": "Here's your feedback: ${e://Field/Tea_F05} ------------------- Model Answer: ${e://Field/Tea_MA05}", "TertiaryAttribute": null, "Payload": {"QuestionText": "Here's your feedback:<br>\n<br>\n${e://Field/Tea_F05}<br><br>-------------------<br>Model Answer:\n<br><br>${e://Field/Tea_MA05}<br>", "DefaultChoices": false, "QuestionType": "DB", "Selector": "TB", "DataVisibility": {"Private": false, "Hidden": false}, "Configuration": {"QuestionDescriptionOption": "UseText"}, "QuestionDescription": "Here's your feedback: ${e://Field/Tea_F05} ------------------- Model Answer: ${e://Field/Tea_MA05}", "ChoiceOrder": [], "Validation": {"Settings": {"Type": "None"}}, "GradingData": [], "Language": [], "NextChoiceId": 4, "NextAnswerId": 1, "QuestionText_Unsafe": "Here's your feedback:<br>\n<br>\n${e://Field/Psy_F04}<br><br>-------------------<br>Model Answer:\n<br><br>${e://Field/Psy_MA04}<br><br>-------------------<br>Rationale:<br><br>${e://Field/Psy_R04}\n<br>", "DataExportTag": "TeaF05", "QuestionID": "QID279"}}, {"SurveyID": "SV_cHECykB35imz7UO", "Element": "SQ", "PrimaryAttribute": "QID280", "SecondaryAttribute": "Here's your feedback: ${e://Field/Tea_F06} ------------------- Model Answer: ${e://Field/Tea_MA06}", "TertiaryAttribute": null, "Payload": {"QuestionText": "Here's your feedback:<br>\n<br>\n${e://Field/Tea_F06}<br><br>-------------------<br>Model Answer:\n<br><br>${e://Field/Tea_MA06}<br>", "DefaultChoices": false, "QuestionType": "DB", "Selector": "TB", "DataVisibility": {"Private": false, "Hidden": false}, "Configuration": {"QuestionDescriptionOption": "UseText"}, "QuestionDescription": "Here's your feedback: ${e://Field/Tea_F06} ------------------- Model Answer: ${e://Field/Tea_MA06}", "ChoiceOrder": [], "Validation": {"Settings": {"Type": "None"}}, "GradingData": [], "Language": [], "NextChoiceId": 4, "NextAnswerId": 1, "QuestionText_Unsafe": "Here's your feedback:<br>\n<br>\n${e://Field/Psy_F05}<br><br>-------------------<br>Model Answer:\n<br><br>${e://Field/Psy_MA05}<br><br>-------------------<br>Rationale:<br><br>${e://Field/Psy_R05}\n<br>", "DataExportTag": "TeaF06", "QuestionID": "QID280"}}, {"SurveyID": "SV_cHECykB35imz7UO", "Element": "SQ", "PrimaryAttribute": "QID281", "SecondaryAttribute": "Here's your feedback: ${e://Field/Tea_F07} ------------------- Model Answer: ${e://Field/Tea_MA07}", "TertiaryAttribute": null, "Payload": {"QuestionText": "Here's your feedback:<br>\n<br>\n${e://Field/Tea_F07}<br><br>-------------------<br>Model Answer:\n<br><br>${e://Field/Tea_MA07}<br>", "DefaultChoices": false, "QuestionType": "DB", "Selector": "TB", "DataVisibility": {"Private": false, "Hidden": false}, "Configuration": {"QuestionDescriptionOption": "UseText"}, "QuestionDescription": "Here's your feedback: ${e://Field/Tea_F07} ------------------- Model Answer: ${e://Field/Tea_MA07}", "ChoiceOrder": [], "Validation": {"Settings": {"Type": "None"}}, "GradingData": [], "Language": [], "NextChoiceId": 4, "NextAnswerId": 1, "QuestionText_Unsafe": "Here's your feedback:<br>\n<br>\n${e://Field/Psy_F06}<br><br>-------------------<br>Model Answer:\n<br><br>${e://Field/Psy_MA06}<br><br>-------------------<br>Rationale:<br><br>${e://Field/Psy_R06}\n<br>", "DataExportTag": "TeaF07", "QuestionID": "QID281"}}, {"SurveyID": "SV_cHECykB35imz7UO", "Element": "SQ", "PrimaryAttribute": "QID282", "SecondaryAttribute": "Here's your feedback: ${e://Field/Tea_F08} ------------------- Model Answer: ${e://Field/Tea_MA08}", "TertiaryAttribute": null, "Payload": {"QuestionText": "Here's your feedback:<br>\n<br>\n${e://Field/Tea_F08}<br><br>-------------------<br>Model Answer:\n<br><br>${e://Field/Tea_MA08}<br>", "DefaultChoices": false, "QuestionType": "DB", "Selector": "TB", "DataVisibility": {"Private": false, "Hidden": false}, "Configuration": {"QuestionDescriptionOption": "UseText"}, "QuestionDescription": "Here's your feedback: ${e://Field/Tea_F08} ------------------- Model Answer: ${e://Field/Tea_MA08}", "ChoiceOrder": [], "Validation": {"Settings": {"Type": "None"}}, "GradingData": [], "Language": [], "NextChoiceId": 4, "NextAnswerId": 1, "QuestionText_Unsafe": "Here's your feedback:<br>\n<br>\n${e://Field/Psy_F07}<br><br>-------------------<br>Model Answer:\n<br><br>${e://Field/Psy_MA07}<br><br>-------------------<br>Rationale:<br><br>${e://Field/Psy_R07}\n<br>", "DataExportTag": "TeaF08", "QuestionID": "QID282"}}, {"SurveyID": "SV_cHECykB35imz7UO", "Element": "SQ", "PrimaryAttribute": "QID283", "SecondaryAttribute": "Here's your feedback: ${e://Field/Tea_F09} ------------------- Model Answer: ${e://Field/Tea_MA09}", "TertiaryAttribute": null, "Payload": {"QuestionText": "Here's your feedback:<br>\n<br>\n${e://Field/Tea_F09}<br><br>-------------------<br>Model Answer:\n<br><br>${e://Field/Tea_MA09}<br>", "DefaultChoices": false, "QuestionType": "DB", "Selector": "TB", "DataVisibility": {"Private": false, "Hidden": false}, "Configuration": {"QuestionDescriptionOption": "UseText"}, "QuestionDescription": "Here's your feedback: ${e://Field/Tea_F09} ------------------- Model Answer: ${e://Field/Tea_MA09}", "ChoiceOrder": [], "Validation": {"Settings": {"Type": "None"}}, "GradingData": [], "Language": [], "NextChoiceId": 4, "NextAnswerId": 1, "QuestionText_Unsafe": "Here's your feedback:<br>\n<br>\n${e://Field/Psy_F08}<br><br>-------------------<br>Model Answer:\n<br><br>${e://Field/Psy_MA08}<br><br>-------------------<br>Rationale:<br><br>${e://Field/Psy_R08}\n<br>", "DataExportTag": "TeaF09", "QuestionID": "QID283"}}, {"SurveyID": "SV_cHECykB35imz7UO", "Element": "SQ", "PrimaryAttribute": "QID284", "SecondaryAttribute": "Here's your feedback: ${e://Field/Tea_F10} ------------------- Model Answer: ${e://Field/Tea_MA10}", "TertiaryAttribute": null, "Payload": {"QuestionText": "Here's your feedback:<br>\n<br>\n${e://Field/Tea_F10}<br><br>-------------------<br>Model Answer:\n<br><br>${e://Field/Tea_MA10}<br>", "DefaultChoices": false, "QuestionType": "DB", "Selector": "TB", "DataVisibility": {"Private": false, "Hidden": false}, "Configuration": {"QuestionDescriptionOption": "UseText"}, "QuestionDescription": "Here's your feedback: ${e://Field/Tea_F10} ------------------- Model Answer: ${e://Field/Tea_MA10}", "ChoiceOrder": [], "Validation": {"Settings": {"Type": "None"}}, "GradingData": [], "Language": [], "NextChoiceId": 4, "NextAnswerId": 1, "QuestionText_Unsafe": "Here's your feedback:<br>\n<br>\n${e://Field/Psy_F09}<br><br>-------------------<br>Model Answer:\n<br><br>${e://Field/Psy_MA09}<br><br>-------------------<br>Rationale:<br><br>${e://Field/Psy_R09}\n<br>", "DataExportTag": "TeaF10", "QuestionID": "QID284"}}, {"SurveyID": "SV_cHECykB35imz7UO", "Element": "STAT", "PrimaryAttribute": "Survey Statistics", "SecondaryAttribute": null, "TertiaryAttribute": null, "Payload": {"MobileCompatible": true, "ID": "Survey Statistics"}}]}